
Microsoft Visual Studio Solution File, Format Version 12.00
# Visual Studio Version 17
VisualStudioVersion = 17.6.33801.468
MinimumVisualStudioVersion = 10.0.40219.1
Project("{FAE04EC0-301F-11D3-BF4B-00C04F79EFBC}") = "gitapp", "gitapp\gitapp.csproj", "{367AEAAA-9F60-4CB2-A53F-BA7D9E3E5538}"
EndProject
Global
	GlobalSection(SolutionConfigurationPlatforms) = preSolution
		Debug|Any CPU = Debug|Any CPU
		Release|Any CPU = Release|Any CPU
	EndGlobalSection
	GlobalSection(ProjectConfigurationPlatforms) = postSolution
		{367AEAAA-9F60-4CB2-A53F-BA7D9E3E5538}.Debug|Any CPU.ActiveCfg = Debug|Any CPU
		{367AEAAA-9F60-4CB2-A53F-BA7D9E3E5538}.Debug|Any CPU.Build.0 = Debug|Any CPU
		{367AEAAA-9F60-4CB2-A53F-BA7D9E3E5538}.Release|Any CPU.ActiveCfg = Release|Any CPU
		{367AEAAA-9F60-4CB2-A53F-BA7D9E3E5538}.Release|Any CPU.Build.0 = Release|Any CPU
	EndGlobalSection
	GlobalSection(SolutionProperties) = preSolution
		HideSolutionNode = FALSE
	EndGlobalSection
	GlobalSection(ExtensibilityGlobals) = postSolution
		SolutionGuid = {3DA0ECA7-FDCE-4D34-B771-72E924951455}
	EndGlobalSection
EndGlobal
